
Microsoft Visual Studio Solution File, Format Version 12.00
# Visual Studio Version 16
VisualStudioVersion = 16.0.29509.3
MinimumVisualStudioVersion = 10.0.40219.1
Project("{888888A0-9F3D-457C-B088-3A5042F75D52}") = "BasicFlask", "BasicFlask\BasicFlask.pyproj", "{8C25EEB3-FDBC-4C0B-9C6A-968A7ACF2756}"
EndProject
Global
	GlobalSection(SolutionConfigurationPlatforms) = preSolution
		Debug|Any CPU = Debug|Any CPU
		Release|Any CPU = Release|Any CPU
	EndGlobalSection
	GlobalSection(ProjectConfigurationPlatforms) = postSolution
		{8C25EEB3-FDBC-4C0B-9C6A-968A7ACF2756}.Debug|Any CPU.ActiveCfg = Debug|Any CPU
		{8C25EEB3-FDBC-4C0B-9C6A-968A7ACF2756}.Debug|Any CPU.Build.0 = Debug|Any CPU
		{8C25EEB3-FDBC-4C0B-9C6A-968A7ACF2756}.Release|Any CPU.ActiveCfg = Release|Any CPU
		{8C25EEB3-FDBC-4C0B-9C6A-968A7ACF2756}.Release|Any CPU.Build.0 = Release|Any CPU
	EndGlobalSection
	GlobalSection(SolutionProperties) = preSolution
		HideSolutionNode = FALSE
	EndGlobalSection
	GlobalSection(ExtensibilityGlobals) = postSolution
		SolutionGuid = {2EDB6814-E738-4449-995D-EA0B2ADBC95F}
	EndGlobalSection
EndGlobal
